
Microsoft Visual Studio Solution File, Format Version 10.00
# Visual Studio 2008
Project("{8BC9CEB8-8B4A-11D0-8D11-00A0C91BC942}") = "notepadPlus.vc.9", "PowerEditor\visual.net\notepadPlus.vc.9.0.vcproj", "{FCF60E65-1B78-4D1D-AB59-4FC00AC8C248}"
	ProjectSection(ProjectDependencies) = postProject
		{55121E73-EAE3-438B-A537-BABBCA29B084} = {55121E73-EAE3-438B-A537-BABBCA29B084}
	EndProjectSection
EndProject
Project("{8BC9CEB8-8B4A-11D0-8D11-00A0C91BC942}") = "SciLexer.vc.9", "scintilla\vcbuild\SciLexer.9.vcproj", "{55121E73-EAE3-438B-A537-BABBCA29B084}"
EndProject
Global
	GlobalSection(SolutionConfigurationPlatforms) = preSolution
		Debug Unicode|Win32 = Debug Unicode|Win32
		Release Unicode|Win32 = Release Unicode|Win32
		Shipping Unicode|Win32 = Shipping Unicode|Win32
	EndGlobalSection
	GlobalSection(ProjectConfigurationPlatforms) = postSolution
		{FCF60E65-1B78-4D1D-AB59-4FC00AC8C248}.Debug Unicode|Win32.ActiveCfg = Debug Unicode|Win32
		{FCF60E65-1B78-4D1D-AB59-4FC00AC8C248}.Debug Unicode|Win32.Build.0 = Debug Unicode|Win32
		{FCF60E65-1B78-4D1D-AB59-4FC00AC8C248}.Release Unicode|Win32.ActiveCfg = Release Unicode|Win32
		{FCF60E65-1B78-4D1D-AB59-4FC00AC8C248}.Release Unicode|Win32.Build.0 = Release Unicode|Win32
		{FCF60E65-1B78-4D1D-AB59-4FC00AC8C248}.Shipping Unicode|Win32.ActiveCfg = Shipping Unicode|Win32
		{FCF60E65-1B78-4D1D-AB59-4FC00AC8C248}.Shipping Unicode|Win32.Build.0 = Shipping Unicode|Win32
		{55121E73-EAE3-438B-A537-BABBCA29B084}.Debug Unicode|Win32.ActiveCfg = Debug|Win32
		{55121E73-EAE3-438B-A537-BABBCA29B084}.Debug Unicode|Win32.Build.0 = Debug|Win32
		{55121E73-EAE3-438B-A537-BABBCA29B084}.Release Unicode|Win32.ActiveCfg = Release|Win32
		{55121E73-EAE3-438B-A537-BABBCA29B084}.Release Unicode|Win32.Build.0 = Release|Win32
		{55121E73-EAE3-438B-A537-BABBCA29B084}.Shipping Unicode|Win32.ActiveCfg = Release|Win32
		{55121E73-EAE3-438B-A537-BABBCA29B084}.Shipping Unicode|Win32.Build.0 = Release|Win32
	EndGlobalSection
	GlobalSection(SolutionProperties) = preSolution
		HideSolutionNode = FALSE
	EndGlobalSection
EndGlobal
