
Microsoft Visual Studio Solution File, Format Version 9.00
# Visual Studio 2005
Project("{8BC9CEB8-8B4A-11D0-8D11-00A0C91BC942}") = "notepadPlus", "PowerEditor\visual.net\notepadPlus.8.vcproj", "{FCF60E65-1B78-4D1D-AB59-4FC00AC8C248}"
	ProjectSection(ProjectDependencies) = postProject
		{B1BDB077-3ED7-4C69-9A22-5A65E08C201C} = {B1BDB077-3ED7-4C69-9A22-5A65E08C201C}
	EndProjectSection
EndProject
Project("{8BC9CEB8-8B4A-11D0-8D11-00A0C91BC942}") = "SciLexer", "scintilla\vcbuild\SciLexer.8.vcproj", "{B1BDB077-3ED7-4C69-9A22-5A65E08C201C}"
EndProject
Global
	GlobalSection(SolutionConfigurationPlatforms) = preSolution
		Debug|Win32 = Debug|Win32
		Release|Win32 = Release|Win32
		Shipping|Win32 = Shipping|Win32
	EndGlobalSection
	GlobalSection(ProjectConfigurationPlatforms) = postSolution
		{FCF60E65-1B78-4D1D-AB59-4FC00AC8C248}.Debug|Win32.ActiveCfg = Debug|Win32
		{FCF60E65-1B78-4D1D-AB59-4FC00AC8C248}.Debug|Win32.Build.0 = Debug|Win32
		{FCF60E65-1B78-4D1D-AB59-4FC00AC8C248}.Release|Win32.ActiveCfg = Release|Win32
		{FCF60E65-1B78-4D1D-AB59-4FC00AC8C248}.Release|Win32.Build.0 = Release|Win32
		{FCF60E65-1B78-4D1D-AB59-4FC00AC8C248}.Shipping|Win32.ActiveCfg = Shipping|Win32
		{FCF60E65-1B78-4D1D-AB59-4FC00AC8C248}.Shipping|Win32.Build.0 = Shipping|Win32
		{B1BDB077-3ED7-4C69-9A22-5A65E08C201C}.Debug|Win32.ActiveCfg = Debug|Win32
		{B1BDB077-3ED7-4C69-9A22-5A65E08C201C}.Debug|Win32.Build.0 = Debug|Win32
		{B1BDB077-3ED7-4C69-9A22-5A65E08C201C}.Release|Win32.ActiveCfg = Release|Win32
		{B1BDB077-3ED7-4C69-9A22-5A65E08C201C}.Release|Win32.Build.0 = Release|Win32
		{B1BDB077-3ED7-4C69-9A22-5A65E08C201C}.Shipping|Win32.ActiveCfg = Shipping|Win32
		{B1BDB077-3ED7-4C69-9A22-5A65E08C201C}.Shipping|Win32.Build.0 = Shipping|Win32
	EndGlobalSection
	GlobalSection(SolutionProperties) = preSolution
		HideSolutionNode = FALSE
	EndGlobalSection
EndGlobal
